// !$*UTF8*$!
{
	archiveVersion = 1;
	classes = {
	};
	objectVersion = 46;
	objects = {

/* Begin PBXBuildFile section */
		08078E601889CD24003C0483 /* Foundation.framework in Frameworks */ = {isa = PBXBuildFile; fileRef = 08078E5F1889CD24003C0483 /* Foundation.framework */; };
		08078E621889CD24003C0483 /* CoreGraphics.framework in Frameworks */ = {isa = PBXBuildFile; fileRef = 08078E611889CD24003C0483 /* CoreGraphics.framework */; };
		08078E641889CD24003C0483 /* UIKit.framework in Frameworks */ = {isa = PBXBuildFile; fileRef = 08078E631889CD24003C0483 /* UIKit.framework */; };
		08078E6A1889CD24003C0483 /* InfoPlist.strings in Resources */ = {isa = PBXBuildFile; fileRef = 08078E681889CD24003C0483 /* InfoPlist.strings */; };
		08078E6C1889CD24003C0483 /* main.m in Sources */ = {isa = PBXBuildFile; fileRef = 08078E6B1889CD24003C0483 /* main.m */; };
		08078E701889CD24003C0483 /* AppDelegate.m in Sources */ = {isa = PBXBuildFile; fileRef = 08078E6F1889CD24003C0483 /* AppDelegate.m */; };
		08078E731889CD24003C0483 /* Main_iPhone.storyboard in Resources */ = {isa = PBXBuildFile; fileRef = 08078E711889CD24003C0483 /* Main_iPhone.storyboard */; };
		08078E761889CD24003C0483 /* Main_iPad.storyboard in Resources */ = {isa = PBXBuildFile; fileRef = 08078E741889CD24003C0483 /* Main_iPad.storyboard */; };
		08078E791889CD24003C0483 /* ViewController.m in Sources */ = {isa = PBXBuildFile; fileRef = 08078E781889CD24003C0483 /* ViewController.m */; };
		08078E7B1889CD24003C0483 /* Images.xcassets in Resources */ = {isa = PBXBuildFile; fileRef = 08078E7A1889CD24003C0483 /* Images.xcassets */; };
		08078E821889CD24003C0483 /* XCTest.framework in Frameworks */ = {isa = PBXBuildFile; fileRef = 08078E811889CD24003C0483 /* XCTest.framework */; };
		08078E831889CD24003C0483 /* Foundation.framework in Frameworks */ = {isa = PBXBuildFile; fileRef = 08078E5F1889CD24003C0483 /* Foundation.framework */; };
		08078E841889CD24003C0483 /* UIKit.framework in Frameworks */ = {isa = PBXBuildFile; fileRef = 08078E631889CD24003C0483 /* UIKit.framework */; };
		08078E8C1889CD24003C0483 /* InfoPlist.strings in Resources */ = {isa = PBXBuildFile; fileRef = 08078E8A1889CD24003C0483 /* InfoPlist.strings */; };
		08078E8E1889CD24003C0483 /* glissandoTests.m in Sources */ = {isa = PBXBuildFile; fileRef = 08078E8D1889CD24003C0483 /* glissandoTests.m */; };
		08078E991889D3C9003C0483 /* UserModel.m in Sources */ = {isa = PBXBuildFile; fileRef = 08078E981889D3C9003C0483 /* UserModel.m */; };
		08078E9C1889D3D8003C0483 /* Product.m in Sources */ = {isa = PBXBuildFile; fileRef = 08078E9B1889D3D8003C0483 /* Product.m */; };
		086D6EF5189023D700C370BE /* ResultsTableViewController.m in Sources */ = {isa = PBXBuildFile; fileRef = 086D6EF4189023D700C370BE /* ResultsTableViewController.m */; };
		086E47F21891C510003AFE23 /* iTunesItem.m in Sources */ = {isa = PBXBuildFile; fileRef = 086E47F11891C510003AFE23 /* iTunesItem.m */; };
		7D6B3B67189DA2D400E22E6E /* noArtAvailable.jpg in Resources */ = {isa = PBXBuildFile; fileRef = 7D6B3B66189DA2D400E22E6E /* noArtAvailable.jpg */; };
		7DA9D5D018922C53002A020A /* JSONLoader.m in Sources */ = {isa = PBXBuildFile; fileRef = 7DA9D5CF18922C53002A020A /* JSONLoader.m */; };
		7DF68C01188A0317000E2584 /* UserInputViewController.m in Sources */ = {isa = PBXBuildFile; fileRef = 7DF68C00188A0317000E2584 /* UserInputViewController.m */; };
		7DF68C07188B4316000E2584 /* GlissandoConstants.m in Sources */ = {isa = PBXBuildFile; fileRef = 7DF68C06188B4316000E2584 /* GlissandoConstants.m */; };
/* End PBXBuildFile section */

/* Begin PBXContainerItemProxy section */
		08078E851889CD24003C0483 /* PBXContainerItemProxy */ = {
			isa = PBXContainerItemProxy;
			containerPortal = 08078E541889CD24003C0483 /* Project object */;
			proxyType = 1;
			remoteGlobalIDString = 08078E5B1889CD24003C0483;
			remoteInfo = glissando;
		};
/* End PBXContainerItemProxy section */

/* Begin PBXFileReference section */
		08078E5C1889CD24003C0483 /* glissando.app */ = {isa = PBXFileReference; explicitFileType = wrapper.application; includeInIndex = 0; path = glissando.app; sourceTree = BUILT_PRODUCTS_DIR; };
		08078E5F1889CD24003C0483 /* Foundation.framework */ = {isa = PBXFileReference; lastKnownFileType = wrapper.framework; name = Foundation.framework; path = System/Library/Frameworks/Foundation.framework; sourceTree = SDKROOT; };
		08078E611889CD24003C0483 /* CoreGraphics.framework */ = {isa = PBXFileReference; lastKnownFileType = wrapper.framework; name = CoreGraphics.framework; path = System/Library/Frameworks/CoreGraphics.framework; sourceTree = SDKROOT; };
		08078E631889CD24003C0483 /* UIKit.framework */ = {isa = PBXFileReference; lastKnownFileType = wrapper.framework; name = UIKit.framework; path = System/Library/Frameworks/UIKit.framework; sourceTree = SDKROOT; };
		08078E671889CD24003C0483 /* glissando-Info.plist */ = {isa = PBXFileReference; lastKnownFileType = text.plist.xml; path = "glissando-Info.plist"; sourceTree = "<group>"; };
		08078E691889CD24003C0483 /* en */ = {isa = PBXFileReference; lastKnownFileType = text.plist.strings; name = en; path = en.lproj/InfoPlist.strings; sourceTree = "<group>"; };
		08078E6B1889CD24003C0483 /* main.m */ = {isa = PBXFileReference; lastKnownFileType = sourcecode.c.objc; path = main.m; sourceTree = "<group>"; };
		08078E6D1889CD24003C0483 /* glissando-Prefix.pch */ = {isa = PBXFileReference; lastKnownFileType = sourcecode.c.h; path = "glissando-Prefix.pch"; sourceTree = "<group>"; };
		08078E6E1889CD24003C0483 /* AppDelegate.h */ = {isa = PBXFileReference; lastKnownFileType = sourcecode.c.h; path = AppDelegate.h; sourceTree = "<group>"; };
		08078E6F1889CD24003C0483 /* AppDelegate.m */ = {isa = PBXFileReference; lastKnownFileType = sourcecode.c.objc; path = AppDelegate.m; sourceTree = "<group>"; };
		08078E721889CD24003C0483 /* Base */ = {isa = PBXFileReference; lastKnownFileType = file.storyboard; name = Base; path = Base.lproj/Main_iPhone.storyboard; sourceTree = "<group>"; };
		08078E751889CD24003C0483 /* Base */ = {isa = PBXFileReference; lastKnownFileType = file.storyboard; name = Base; path = Base.lproj/Main_iPad.storyboard; sourceTree = "<group>"; };
		08078E771889CD24003C0483 /* ViewController.h */ = {isa = PBXFileReference; lastKnownFileType = sourcecode.c.h; path = ViewController.h; sourceTree = "<group>"; };
		08078E781889CD24003C0483 /* ViewController.m */ = {isa = PBXFileReference; lastKnownFileType = sourcecode.c.objc; path = ViewController.m; sourceTree = "<group>"; };
		08078E7A1889CD24003C0483 /* Images.xcassets */ = {isa = PBXFileReference; lastKnownFileType = folder.assetcatalog; path = Images.xcassets; sourceTree = "<group>"; };
		08078E801889CD24003C0483 /* glissandoTests.xctest */ = {isa = PBXFileReference; explicitFileType = wrapper.cfbundle; includeInIndex = 0; path = glissandoTests.xctest; sourceTree = BUILT_PRODUCTS_DIR; };
		08078E811889CD24003C0483 /* XCTest.framework */ = {isa = PBXFileReference; lastKnownFileType = wrapper.framework; name = XCTest.framework; path = Library/Frameworks/XCTest.framework; sourceTree = DEVELOPER_DIR; };
		08078E891889CD24003C0483 /* glissandoTests-Info.plist */ = {isa = PBXFileReference; lastKnownFileType = text.plist.xml; path = "glissandoTests-Info.plist"; sourceTree = "<group>"; };
		08078E8B1889CD24003C0483 /* en */ = {isa = PBXFileReference; lastKnownFileType = text.plist.strings; name = en; path = en.lproj/InfoPlist.strings; sourceTree = "<group>"; };
		08078E8D1889CD24003C0483 /* glissandoTests.m */ = {isa = PBXFileReference; lastKnownFileType = sourcecode.c.objc; path = glissandoTests.m; sourceTree = "<group>"; };
		08078E971889D3C9003C0483 /* UserModel.h */ = {isa = PBXFileReference; fileEncoding = 4; lastKnownFileType = sourcecode.c.h; path = UserModel.h; sourceTree = "<group>"; };
		08078E981889D3C9003C0483 /* UserModel.m */ = {isa = PBXFileReference; fileEncoding = 4; lastKnownFileType = sourcecode.c.objc; path = UserModel.m; sourceTree = "<group>"; };
		08078E9A1889D3D8003C0483 /* Product.h */ = {isa = PBXFileReference; fileEncoding = 4; lastKnownFileType = sourcecode.c.h; path = Product.h; sourceTree = "<group>"; };
		08078E9B1889D3D8003C0483 /* Product.m */ = {isa = PBXFileReference; fileEncoding = 4; lastKnownFileType = sourcecode.c.objc; path = Product.m; sourceTree = "<group>"; };
		086D6EF3189023D700C370BE /* ResultsTableViewController.h */ = {isa = PBXFileReference; fileEncoding = 4; lastKnownFileType = sourcecode.c.h; path = ResultsTableViewController.h; sourceTree = "<group>"; };
		086D6EF4189023D700C370BE /* ResultsTableViewController.m */ = {isa = PBXFileReference; fileEncoding = 4; lastKnownFileType = sourcecode.c.objc; path = ResultsTableViewController.m; sourceTree = "<group>"; };
		086E47F01891C510003AFE23 /* iTunesItem.h */ = {isa = PBXFileReference; fileEncoding = 4; lastKnownFileType = sourcecode.c.h; path = iTunesItem.h; sourceTree = "<group>"; };
		086E47F11891C510003AFE23 /* iTunesItem.m */ = {isa = PBXFileReference; fileEncoding = 4; lastKnownFileType = sourcecode.c.objc; path = iTunesItem.m; sourceTree = "<group>"; };
		7D6B3B66189DA2D400E22E6E /* noArtAvailable.jpg */ = {isa = PBXFileReference; lastKnownFileType = image.jpeg; path = noArtAvailable.jpg; sourceTree = "<group>"; };
		7DA9D5CE18922C53002A020A /* JSONLoader.h */ = {isa = PBXFileReference; fileEncoding = 4; lastKnownFileType = sourcecode.c.h; path = JSONLoader.h; sourceTree = "<group>"; };
		7DA9D5CF18922C53002A020A /* JSONLoader.m */ = {isa = PBXFileReference; fileEncoding = 4; lastKnownFileType = sourcecode.c.objc; path = JSONLoader.m; sourceTree = "<group>"; };
		7DF68BFF188A0317000E2584 /* UserInputViewController.h */ = {isa = PBXFileReference; fileEncoding = 4; lastKnownFileType = sourcecode.c.h; path = UserInputViewController.h; sourceTree = "<group>"; };
		7DF68C00188A0317000E2584 /* UserInputViewController.m */ = {isa = PBXFileReference; fileEncoding = 4; lastKnownFileType = sourcecode.c.objc; path = UserInputViewController.m; sourceTree = "<group>"; };
		7DF68C05188B4316000E2584 /* GlissandoConstants.h */ = {isa = PBXFileReference; fileEncoding = 4; lastKnownFileType = sourcecode.c.h; path = GlissandoConstants.h; sourceTree = "<group>"; };
		7DF68C06188B4316000E2584 /* GlissandoConstants.m */ = {isa = PBXFileReference; fileEncoding = 4; lastKnownFileType = sourcecode.c.objc; path = GlissandoConstants.m; sourceTree = "<group>"; };
/* End PBXFileReference section */

/* Begin PBXFrameworksBuildPhase section */
		08078E591889CD24003C0483 /* Frameworks */ = {
			isa = PBXFrameworksBuildPhase;
			buildActionMask = 2147483647;
			files = (
				08078E621889CD24003C0483 /* CoreGraphics.framework in Frameworks */,
				08078E641889CD24003C0483 /* UIKit.framework in Frameworks */,
				08078E601889CD24003C0483 /* Foundation.framework in Frameworks */,
			);
			runOnlyForDeploymentPostprocessing = 0;
		};
		08078E7D1889CD24003C0483 /* Frameworks */ = {
			isa = PBXFrameworksBuildPhase;
			buildActionMask = 2147483647;
			files = (
				08078E821889CD24003C0483 /* XCTest.framework in Frameworks */,
				08078E841889CD24003C0483 /* UIKit.framework in Frameworks */,
				08078E831889CD24003C0483 /* Foundation.framework in Frameworks */,
			);
			runOnlyForDeploymentPostprocessing = 0;
		};
/* End PBXFrameworksBuildPhase section */

/* Begin PBXGroup section */
		08078E531889CD24003C0483 = {
			isa = PBXGroup;
			children = (
				08078E651889CD24003C0483 /* glissando */,
				08078E871889CD24003C0483 /* glissandoTests */,
				08078E5E1889CD24003C0483 /* Frameworks */,
				08078E5D1889CD24003C0483 /* Products */,
			);
			sourceTree = "<group>";
		};
		08078E5D1889CD24003C0483 /* Products */ = {
			isa = PBXGroup;
			children = (
				08078E5C1889CD24003C0483 /* glissando.app */,
				08078E801889CD24003C0483 /* glissandoTests.xctest */,
			);
			name = Products;
			sourceTree = "<group>";
		};
		08078E5E1889CD24003C0483 /* Frameworks */ = {
			isa = PBXGroup;
			children = (
				08078E5F1889CD24003C0483 /* Foundation.framework */,
				08078E611889CD24003C0483 /* CoreGraphics.framework */,
				08078E631889CD24003C0483 /* UIKit.framework */,
				08078E811889CD24003C0483 /* XCTest.framework */,
			);
			name = Frameworks;
			sourceTree = "<group>";
		};
		08078E651889CD24003C0483 /* glissando */ = {
			isa = PBXGroup;
			children = (
				7D6B3B65189DA2D400E22E6E /* images */,
				08078E6E1889CD24003C0483 /* AppDelegate.h */,
				08078E6F1889CD24003C0483 /* AppDelegate.m */,
				7DF68C05188B4316000E2584 /* GlissandoConstants.h */,
				7DF68C06188B4316000E2584 /* GlissandoConstants.m */,
				7DF68C0B188CB593000E2584 /* Model */,
				08078E711889CD24003C0483 /* Main_iPhone.storyboard */,
				08078E741889CD24003C0483 /* Main_iPad.storyboard */,
				7DF68BFF188A0317000E2584 /* UserInputViewController.h */,
				7DF68C00188A0317000E2584 /* UserInputViewController.m */,
				08078E771889CD24003C0483 /* ViewController.h */,
				08078E781889CD24003C0483 /* ViewController.m */,
				086D6EF3189023D700C370BE /* ResultsTableViewController.h */,
				086D6EF4189023D700C370BE /* ResultsTableViewController.m */,
				08078E7A1889CD24003C0483 /* Images.xcassets */,
				08078E661889CD24003C0483 /* Supporting Files */,
			);
			path = glissando;
			sourceTree = "<group>";
		};
		08078E661889CD24003C0483 /* Supporting Files */ = {
			isa = PBXGroup;
			children = (
				08078E671889CD24003C0483 /* glissando-Info.plist */,
				08078E681889CD24003C0483 /* InfoPlist.strings */,
				08078E6B1889CD24003C0483 /* main.m */,
				08078E6D1889CD24003C0483 /* glissando-Prefix.pch */,
			);
			name = "Supporting Files";
			sourceTree = "<group>";
		};
		08078E871889CD24003C0483 /* glissandoTests */ = {
			isa = PBXGroup;
			children = (
				08078E8D1889CD24003C0483 /* glissandoTests.m */,
				08078E881889CD24003C0483 /* Supporting Files */,
			);
			path = glissandoTests;
			sourceTree = "<group>";
		};
		08078E881889CD24003C0483 /* Supporting Files */ = {
			isa = PBXGroup;
			children = (
				08078E891889CD24003C0483 /* glissandoTests-Info.plist */,
				08078E8A1889CD24003C0483 /* InfoPlist.strings */,
			);
			name = "Supporting Files";
			sourceTree = "<group>";
		};
		7D6B3B65189DA2D400E22E6E /* images */ = {
			isa = PBXGroup;
			children = (
				7D6B3B66189DA2D400E22E6E /* noArtAvailable.jpg */,
			);
			path = images;
			sourceTree = "<group>";
		};
		7DF68C0B188CB593000E2584 /* Model */ = {
			isa = PBXGroup;
			children = (
				7DA9D5CE18922C53002A020A /* JSONLoader.h */,
				7DA9D5CF18922C53002A020A /* JSONLoader.m */,
				086E47F01891C510003AFE23 /* iTunesItem.h */,
				086E47F11891C510003AFE23 /* iTunesItem.m */,
				08078E971889D3C9003C0483 /* UserModel.h */,
				08078E981889D3C9003C0483 /* UserModel.m */,
				08078E9A1889D3D8003C0483 /* Product.h */,
				08078E9B1889D3D8003C0483 /* Product.m */,
			);
			name = Model;
			sourceTree = "<group>";
		};
/* End PBXGroup section */

/* Begin PBXNativeTarget section */
		08078E5B1889CD24003C0483 /* glissando */ = {
			isa = PBXNativeTarget;
			buildConfigurationList = 08078E911889CD24003C0483 /* Build configuration list for PBXNativeTarget "glissando" */;
			buildPhases = (
				08078E581889CD24003C0483 /* Sources */,
				08078E591889CD24003C0483 /* Frameworks */,
				08078E5A1889CD24003C0483 /* Resources */,
			);
			buildRules = (
			);
			dependencies = (
			);
			name = glissando;
			productName = glissando;
			productReference = 08078E5C1889CD24003C0483 /* glissando.app */;
			productType = "com.apple.product-type.application";
		};
		08078E7F1889CD24003C0483 /* glissandoTests */ = {
			isa = PBXNativeTarget;
			buildConfigurationList = 08078E941889CD24003C0483 /* Build configuration list for PBXNativeTarget "glissandoTests" */;
			buildPhases = (
				08078E7C1889CD24003C0483 /* Sources */,
				08078E7D1889CD24003C0483 /* Frameworks */,
				08078E7E1889CD24003C0483 /* Resources */,
			);
			buildRules = (
			);
			dependencies = (
				08078E861889CD24003C0483 /* PBXTargetDependency */,
			);
			name = glissandoTests;
			productName = glissandoTests;
			productReference = 08078E801889CD24003C0483 /* glissandoTests.xctest */;
			productType = "com.apple.product-type.bundle.unit-test";
		};
/* End PBXNativeTarget section */

/* Begin PBXProject section */
		08078E541889CD24003C0483 /* Project object */ = {
			isa = PBXProject;
			attributes = {
				LastUpgradeCheck = 0500;
				ORGANIZATIONNAME = atoms.net;
				TargetAttributes = {
					08078E7F1889CD24003C0483 = {
						TestTargetID = 08078E5B1889CD24003C0483;
					};
				};
			};
			buildConfigurationList = 08078E571889CD24003C0483 /* Build configuration list for PBXProject "glissando" */;
			compatibilityVersion = "Xcode 3.2";
			developmentRegion = English;
			hasScannedForEncodings = 0;
			knownRegions = (
				en,
				Base,
			);
			mainGroup = 08078E531889CD24003C0483;
			productRefGroup = 08078E5D1889CD24003C0483 /* Products */;
			projectDirPath = "";
			projectRoot = "";
			targets = (
				08078E5B1889CD24003C0483 /* glissando */,
				08078E7F1889CD24003C0483 /* glissandoTests */,
			);
		};
/* End PBXProject section */

/* Begin PBXResourcesBuildPhase section */
		08078E5A1889CD24003C0483 /* Resources */ = {
			isa = PBXResourcesBuildPhase;
			buildActionMask = 2147483647;
			files = (
				08078E761889CD24003C0483 /* Main_iPad.storyboard in Resources */,
				08078E7B1889CD24003C0483 /* Images.xcassets in Resources */,
				08078E731889CD24003C0483 /* Main_iPhone.storyboard in Resources */,
				7D6B3B67189DA2D400E22E6E /* noArtAvailable.jpg in Resources */,
				08078E6A1889CD24003C0483 /* InfoPlist.strings in Resources */,
			);
			runOnlyForDeploymentPostprocessing = 0;
		};
		08078E7E1889CD24003C0483 /* Resources */ = {
			isa = PBXResourcesBuildPhase;
			buildActionMask = 2147483647;
			files = (
				08078E8C1889CD24003C0483 /* InfoPlist.strings in Resources */,
			);
			runOnlyForDeploymentPostprocessing = 0;
		};
/* End PBXResourcesBuildPhase section */

/* Begin PBXSourcesBuildPhase section */
		08078E581889CD24003C0483 /* Sources */ = {
			isa = PBXSourcesBuildPhase;
			buildActionMask = 2147483647;
			files = (
				086D6EF5189023D700C370BE /* ResultsTableViewController.m in Sources */,
				08078E791889CD24003C0483 /* ViewController.m in Sources */,
				08078E9C1889D3D8003C0483 /* Product.m in Sources */,
				08078E701889CD24003C0483 /* AppDelegate.m in Sources */,
				7DA9D5D018922C53002A020A /* JSONLoader.m in Sources */,
				08078E991889D3C9003C0483 /* UserModel.m in Sources */,
				086E47F21891C510003AFE23 /* iTunesItem.m in Sources */,
				7DF68C01188A0317000E2584 /* UserInputViewController.m in Sources */,
				7DF68C07188B4316000E2584 /* GlissandoConstants.m in Sources */,
				08078E6C1889CD24003C0483 /* main.m in Sources */,
			);
			runOnlyForDeploymentPostprocessing = 0;
		};
		08078E7C1889CD24003C0483 /* Sources */ = {
			isa = PBXSourcesBuildPhase;
			buildActionMask = 2147483647;
			files = (
				08078E8E1889CD24003C0483 /* glissandoTests.m in Sources */,
			);
			runOnlyForDeploymentPostprocessing = 0;
		};
/* End PBXSourcesBuildPhase section */

/* Begin PBXTargetDependency section */
		08078E861889CD24003C0483 /* PBXTargetDependency */ = {
			isa = PBXTargetDependency;
			target = 08078E5B1889CD24003C0483 /* glissando */;
			targetProxy = 08078E851889CD24003C0483 /* PBXContainerItemProxy */;
		};
/* End PBXTargetDependency section */

/* Begin PBXVariantGroup section */
		08078E681889CD24003C0483 /* InfoPlist.strings */ = {
			isa = PBXVariantGroup;
			children = (
				08078E691889CD24003C0483 /* en */,
			);
			name = InfoPlist.strings;
			sourceTree = "<group>";
		};
		08078E711889CD24003C0483 /* Main_iPhone.storyboard */ = {
			isa = PBXVariantGroup;
			children = (
				08078E721889CD24003C0483 /* Base */,
			);
			name = Main_iPhone.storyboard;
			sourceTree = "<group>";
		};
		08078E741889CD24003C0483 /* Main_iPad.storyboard */ = {
			isa = PBXVariantGroup;
			children = (
				08078E751889CD24003C0483 /* Base */,
			);
			name = Main_iPad.storyboard;
			sourceTree = "<group>";
		};
		08078E8A1889CD24003C0483 /* InfoPlist.strings */ = {
			isa = PBXVariantGroup;
			children = (
				08078E8B1889CD24003C0483 /* en */,
			);
			name = InfoPlist.strings;
			sourceTree = "<group>";
		};
/* End PBXVariantGroup section */

/* Begin XCBuildConfiguration section */
		08078E8F1889CD24003C0483 /* Debug */ = {
			isa = XCBuildConfiguration;
			buildSettings = {
				ALWAYS_SEARCH_USER_PATHS = NO;
				ARCHS = "$(ARCHS_STANDARD_INCLUDING_64_BIT)";
				CLANG_CXX_LANGUAGE_STANDARD = "gnu++0x";
				CLANG_CXX_LIBRARY = "libc++";
				CLANG_ENABLE_MODULES = YES;
				CLANG_ENABLE_OBJC_ARC = YES;
				CLANG_WARN_BOOL_CONVERSION = YES;
				CLANG_WARN_CONSTANT_CONVERSION = YES;
				CLANG_WARN_DIRECT_OBJC_ISA_USAGE = YES_ERROR;
				CLANG_WARN_EMPTY_BODY = YES;
				CLANG_WARN_ENUM_CONVERSION = YES;
				CLANG_WARN_INT_CONVERSION = YES;
				CLANG_WARN_OBJC_ROOT_CLASS = YES_ERROR;
				CLANG_WARN__DUPLICATE_METHOD_MATCH = YES;
				"CODE_SIGN_IDENTITY[sdk=iphoneos*]" = "iPhone Developer";
				COPY_PHASE_STRIP = NO;
				GCC_C_LANGUAGE_STANDARD = gnu99;
				GCC_DYNAMIC_NO_PIC = NO;
				GCC_OPTIMIZATION_LEVEL = 0;
				GCC_PREPROCESSOR_DEFINITIONS = (
					"DEBUG=1",
					"$(inherited)",
				);
				GCC_SYMBOLS_PRIVATE_EXTERN = NO;
				GCC_WARN_64_TO_32_BIT_CONVERSION = YES;
				GCC_WARN_ABOUT_RETURN_TYPE = YES_ERROR;
				GCC_WARN_UNDECLARED_SELECTOR = YES;
				GCC_WARN_UNINITIALIZED_AUTOS = YES;
				GCC_WARN_UNUSED_FUNCTION = YES;
				GCC_WARN_UNUSED_VARIABLE = YES;
				IPHONEOS_DEPLOYMENT_TARGET = 7.0;
				ONLY_ACTIVE_ARCH = YES;
				SDKROOT = iphoneos;
				TARGETED_DEVICE_FAMILY = "1,2";
			};
			name = Debug;
		};
		08078E901889CD24003C0483 /* Release */ = {
			isa = XCBuildConfiguration;
			buildSettings = {
				ALWAYS_SEARCH_USER_PATHS = NO;
				ARCHS = "$(ARCHS_STANDARD_INCLUDING_64_BIT)";
				CLANG_CXX_LANGUAGE_STANDARD = "gnu++0x";
				CLANG_CXX_LIBRARY = "libc++";
				CLANG_ENABLE_MODULES = YES;
				CLANG_ENABLE_OBJC_ARC = YES;
				CLANG_WARN_BOOL_CONVERSION = YES;
				CLANG_WARN_CONSTANT_CONVERSION = YES;
				CLANG_WARN_DIRECT_OBJC_ISA_USAGE = YES_ERROR;
				CLANG_WARN_EMPTY_BODY = YES;
				CLANG_WARN_ENUM_CONVERSION = YES;
				CLANG_WARN_INT_CONVERSION = YES;
				CLANG_WARN_OBJC_ROOT_CLASS = YES_ERROR;
				CLANG_WARN__DUPLICATE_METHOD_MATCH = YES;
				"CODE_SIGN_IDENTITY[sdk=iphoneos*]" = "iPhone Developer";
				COPY_PHASE_STRIP = YES;
				ENABLE_NS_ASSERTIONS = NO;
				GCC_C_LANGUAGE_STANDARD = gnu99;
				GCC_WARN_64_TO_32_BIT_CONVERSION = YES;
				GCC_WARN_ABOUT_RETURN_TYPE = YES_ERROR;
				GCC_WARN_UNDECLARED_SELECTOR = YES;
				GCC_WARN_UNINITIALIZED_AUTOS = YES;
				GCC_WARN_UNUSED_FUNCTION = YES;
				GCC_WARN_UNUSED_VARIABLE = YES;
				IPHONEOS_DEPLOYMENT_TARGET = 7.0;
				SDKROOT = iphoneos;
				TARGETED_DEVICE_FAMILY = "1,2";
				VALIDATE_PRODUCT = YES;
			};
			name = Release;
		};
		08078E921889CD24003C0483 /* Debug */ = {
			isa = XCBuildConfiguration;
			buildSettings = {
				ASSETCATALOG_COMPILER_APPICON_NAME = AppIcon;
				ASSETCATALOG_COMPILER_LAUNCHIMAGE_NAME = LaunchImage;
				CODE_SIGN_IDENTITY = "iPhone Developer";
				GCC_PRECOMPILE_PREFIX_HEADER = YES;
				GCC_PREFIX_HEADER = "glissando/glissando-Prefix.pch";
				INFOPLIST_FILE = "glissando/glissando-Info.plist";
				PRODUCT_NAME = "$(TARGET_NAME)";
				WRAPPER_EXTENSION = app;
			};
			name = Debug;
		};
		08078E931889CD24003C0483 /* Release */ = {
			isa = XCBuildConfiguration;
			buildSettings = {
				ASSETCATALOG_COMPILER_APPICON_NAME = AppIcon;
				ASSETCATALOG_COMPILER_LAUNCHIMAGE_NAME = LaunchImage;
				CODE_SIGN_IDENTITY = "iPhone Developer";
				GCC_PRECOMPILE_PREFIX_HEADER = YES;
				GCC_PREFIX_HEADER = "glissando/glissando-Prefix.pch";
				INFOPLIST_FILE = "glissando/glissando-Info.plist";
				PRODUCT_NAME = "$(TARGET_NAME)";
				WRAPPER_EXTENSION = app;
			};
			name = Release;
		};
		08078E951889CD24003C0483 /* Debug */ = {
			isa = XCBuildConfiguration;
			buildSettings = {
				ARCHS = "$(ARCHS_STANDARD_INCLUDING_64_BIT)";
				BUNDLE_LOADER = "$(BUILT_PRODUCTS_DIR)/glissando.app/glissando";
				FRAMEWORK_SEARCH_PATHS = (
					"$(SDKROOT)/Developer/Library/Frameworks",
					"$(inherited)",
					"$(DEVELOPER_FRAMEWORKS_DIR)",
				);
				GCC_PRECOMPILE_PREFIX_HEADER = YES;
				GCC_PREFIX_HEADER = "glissando/glissando-Prefix.pch";
				GCC_PREPROCESSOR_DEFINITIONS = (
					"DEBUG=1",
					"$(inherited)",
				);
				INFOPLIST_FILE = "glissandoTests/glissandoTests-Info.plist";
				PRODUCT_NAME = "$(TARGET_NAME)";
				TEST_HOST = "$(BUNDLE_LOADER)";
				WRAPPER_EXTENSION = xctest;
			};
			name = Debug;
		};
		08078E961889CD24003C0483 /* Release */ = {
			isa = XCBuildConfiguration;
			buildSettings = {
				ARCHS = "$(ARCHS_STANDARD_INCLUDING_64_BIT)";
				BUNDLE_LOADER = "$(BUILT_PRODUCTS_DIR)/glissando.app/glissando";
				FRAMEWORK_SEARCH_PATHS = (
					"$(SDKROOT)/Developer/Library/Frameworks",
					"$(inherited)",
					"$(DEVELOPER_FRAMEWORKS_DIR)",
				);
				GCC_PRECOMPILE_PREFIX_HEADER = YES;
				GCC_PREFIX_HEADER = "glissando/glissando-Prefix.pch";
				INFOPLIST_FILE = "glissandoTests/glissandoTests-Info.plist";
				PRODUCT_NAME = "$(TARGET_NAME)";
				TEST_HOST = "$(BUNDLE_LOADER)";
				WRAPPER_EXTENSION = xctest;
			};
			name = Release;
		};
/* End XCBuildConfiguration section */

/* Begin XCConfigurationList section */
		08078E571889CD24003C0483 /* Build configuration list for PBXProject "glissando" */ = {
			isa = XCConfigurationList;
			buildConfigurations = (
				08078E8F1889CD24003C0483 /* Debug */,
				08078E901889CD24003C0483 /* Release */,
			);
			defaultConfigurationIsVisible = 0;
			defaultConfigurationName = Release;
		};
		08078E911889CD24003C0483 /* Build configuration list for PBXNativeTarget "glissando" */ = {
			isa = XCConfigurationList;
			buildConfigurations = (
				08078E921889CD24003C0483 /* Debug */,
				08078E931889CD24003C0483 /* Release */,
			);
			defaultConfigurationIsVisible = 0;
			defaultConfigurationName = Release;
		};
		08078E941889CD24003C0483 /* Build configuration list for PBXNativeTarget "glissandoTests" */ = {
			isa = XCConfigurationList;
			buildConfigurations = (
				08078E951889CD24003C0483 /* Debug */,
				08078E961889CD24003C0483 /* Release */,
			);
			defaultConfigurationIsVisible = 0;
			defaultConfigurationName = Release;
		};
/* End XCConfigurationList section */
	};
	rootObject = 08078E541889CD24003C0483 /* Project object */;
}
